{
  "requires": true,
  "lockfileVersion": 1,
  "dependencies": {
    "kld-affine": {
      "version": "2.1.1",
      "resolved": "https://registry.npmjs.org/kld-affine/-/kld-affine-2.1.1.tgz",
      "integrity": "sha512-NIS9sph8ZKdnQxZa5TcggaFs/Qr9zX3brFlGwE0+0Z4EzFIvAFuqLSwNeU4GkEpaX8ndh3ggGmWV7BPPcS3vjQ=="
    },
    "kld-intersections": {
      "version": "0.7.0",
      "resolved": "https://registry.npmjs.org/kld-intersections/-/kld-intersections-0.7.0.tgz",
      "integrity": "sha512-/KuBU7Y5bRPGfc0yQ3QIoXPKqOQ6cBWDRl1XVMMa3pm4V6Ydbgy9e2fZoRxlSIU0gZSBt1c6gWLOzSGKbU8I3A==",
      "requires": {
        "kld-affine": "^2.1.1",
        "kld-path-parser": "^0.2.1",
        "kld-polynomial": "^0.3.0"
      }
    },
    "kld-path-parser": {
      "version": "0.2.1",
      "resolved": "https://registry.npmjs.org/kld-path-parser/-/kld-path-parser-0.2.1.tgz",
      "integrity": "sha512-C1EqY6vzqv5tdKeMF31L+JXq97n5zo67LiSEhZf4sPq8YeM+8ytp/qMGSKN8VdSPvFa6h1SR35aF4+T2JtxZww=="
    },
    "kld-polynomial": {
      "version": "0.3.0",
      "resolved": "https://registry.npmjs.org/kld-polynomial/-/kld-polynomial-0.3.0.tgz",
      "integrity": "sha512-PEfxjQ6tsxL9DHBIhM2UZsSes0GI+OIMjbE0kj60jr80Biq/xXl1eGfnyzmfoackAMdKZtw2060L09HdjkPP5w=="
    }
  }
}
